
Microsoft Visual Studio Solution File, Format Version 12.00
# Visual Studio 15
VisualStudioVersion = 15.0.27428.2037
MinimumVisualStudioVersion = 10.0.40219.1
Project("{FAE04EC0-301F-11D3-BF4B-00C04F79EFBC}") = "WebApplication1", "WebApplication1\WebApplication1.csproj", "{B82DE17B-EB83-44B0-96A6-3376E85BA123}"
EndProject
Global
	GlobalSection(SolutionConfigurationPlatforms) = preSolution
		Debug|Any CPU = Debug|Any CPU
		Release|Any CPU = Release|Any CPU
	EndGlobalSection
	GlobalSection(ProjectConfigurationPlatforms) = postSolution
		{B82DE17B-EB83-44B0-96A6-3376E85BA123}.Debug|Any CPU.ActiveCfg = Debug|Any CPU
		{B82DE17B-EB83-44B0-96A6-3376E85BA123}.Debug|Any CPU.Build.0 = Debug|Any CPU
		{B82DE17B-EB83-44B0-96A6-3376E85BA123}.Release|Any CPU.ActiveCfg = Release|Any CPU
		{B82DE17B-EB83-44B0-96A6-3376E85BA123}.Release|Any CPU.Build.0 = Release|Any CPU
	EndGlobalSection
	GlobalSection(SolutionProperties) = preSolution
		HideSolutionNode = FALSE
	EndGlobalSection
	GlobalSection(ExtensibilityGlobals) = postSolution
		SolutionGuid = {1270992E-50CA-4CFE-BCE7-1F45B1B8DE50}
	EndGlobalSection
EndGlobal
